
Microsoft Visual Studio Solution File, Format Version 12.00
# Visual Studio Version 17
VisualStudioVersion = 17.11.35222.181
MinimumVisualStudioVersion = 10.0.40219.1
Project("{9A19103F-16F7-4668-BE54-9A1E7A4F7556}") = "ShopManager", "ShopManager\ShopManager.csproj", "{209CEF2B-1088-433C-883C-5C9AC37842CB}"
EndProject
Project("{2150E333-8FDC-42A3-9474-1A3956D46DE8}") = "OrderService", "OrderService", "{7EFA2D5C-1D96-4D9E-9E58-B3B41DBF2B05}"
EndProject
Project("{2150E333-8FDC-42A3-9474-1A3956D46DE8}") = "ItemSerice", "ItemSerice", "{64A13947-5174-4AFF-851B-928A0EC60064}"
EndProject
Project("{2150E333-8FDC-42A3-9474-1A3956D46DE8}") = "UserService", "UserService", "{0FFCF3CA-A708-4B9C-BC8B-2850A52992F9}"
EndProject
Project("{9A19103F-16F7-4668-BE54-9A1E7A4F7556}") = "ItemService", "ItemService\ItemService\ItemService.csproj", "{9D051A7F-8135-4CBD-9635-44D675A59C70}"
	ProjectSection(ProjectDependencies) = postProject
		{D9E46177-E893-4014-920D-80EBB0A4D4C4} = {D9E46177-E893-4014-920D-80EBB0A4D4C4}
	EndProjectSection
EndProject
Project("{9A19103F-16F7-4668-BE54-9A1E7A4F7556}") = "BLL", "ItemService\BLL\BLL.csproj", "{D9E46177-E893-4014-920D-80EBB0A4D4C4}"
	ProjectSection(ProjectDependencies) = postProject
		{5869D903-39A4-44FD-88BF-0EED0F4765AB} = {5869D903-39A4-44FD-88BF-0EED0F4765AB}
	EndProjectSection
EndProject
Project("{9A19103F-16F7-4668-BE54-9A1E7A4F7556}") = "DAL", "ItemService\DAL\DAL.csproj", "{5869D903-39A4-44FD-88BF-0EED0F4765AB}"
EndProject
Project("{9A19103F-16F7-4668-BE54-9A1E7A4F7556}") = "OrderService", "OrderService\OrderService\OrderService.csproj", "{1CEA4306-2C9D-4F33-8C6A-F22CAAF2B971}"
	ProjectSection(ProjectDependencies) = postProject
		{A4B9662D-3D07-4709-B7A8-0FE9D217F558} = {A4B9662D-3D07-4709-B7A8-0FE9D217F558}
		{C83E814A-FA9E-47DB-B6D9-85DBB0DB2BCB} = {C83E814A-FA9E-47DB-B6D9-85DBB0DB2BCB}
		{D067B789-A8E8-4321-AC09-5636D3493247} = {D067B789-A8E8-4321-AC09-5636D3493247}
	EndProjectSection
EndProject
Project("{9A19103F-16F7-4668-BE54-9A1E7A4F7556}") = "Application", "OrderService\Application\Application.csproj", "{C83E814A-FA9E-47DB-B6D9-85DBB0DB2BCB}"
	ProjectSection(ProjectDependencies) = postProject
		{D067B789-A8E8-4321-AC09-5636D3493247} = {D067B789-A8E8-4321-AC09-5636D3493247}
	EndProjectSection
EndProject
Project("{9A19103F-16F7-4668-BE54-9A1E7A4F7556}") = "Domain", "OrderService\Domain\Domain.csproj", "{D067B789-A8E8-4321-AC09-5636D3493247}"
EndProject
Project("{9A19103F-16F7-4668-BE54-9A1E7A4F7556}") = "Infrastructure", "OrderService\Infrastructure\Infrastructure.csproj", "{A4B9662D-3D07-4709-B7A8-0FE9D217F558}"
	ProjectSection(ProjectDependencies) = postProject
		{D067B789-A8E8-4321-AC09-5636D3493247} = {D067B789-A8E8-4321-AC09-5636D3493247}
	EndProjectSection
EndProject
Project("{9A19103F-16F7-4668-BE54-9A1E7A4F7556}") = "UserService", "UserService\UserService\UserService.csproj", "{0DA2BB5D-C4DE-4F96-9AD9-F7D662C8AB7C}"
	ProjectSection(ProjectDependencies) = postProject
		{E8EFCBFF-54C2-4E05-8249-1C9DC44DEA47} = {E8EFCBFF-54C2-4E05-8249-1C9DC44DEA47}
		{EE066E76-8F59-4093-9ED3-A8E47CFF429A} = {EE066E76-8F59-4093-9ED3-A8E47CFF429A}
	EndProjectSection
EndProject
Project("{9A19103F-16F7-4668-BE54-9A1E7A4F7556}") = "BLL", "UserService\BLL\BLL.csproj", "{EE066E76-8F59-4093-9ED3-A8E47CFF429A}"
EndProject
Project("{9A19103F-16F7-4668-BE54-9A1E7A4F7556}") = "DAL", "UserService\DAL\DAL.csproj", "{E8EFCBFF-54C2-4E05-8249-1C9DC44DEA47}"
EndProject
Project("{FAE04EC0-301F-11D3-BF4B-00C04F79EFBC}") = "SharedLib", "SharedLib\SharedLib.csproj", "{6ED5949C-29B2-4E99-811A-6E8E8DED3025}"
EndProject
Global
	GlobalSection(SolutionConfigurationPlatforms) = preSolution
		Debug|Any CPU = Debug|Any CPU
		Release|Any CPU = Release|Any CPU
	EndGlobalSection
	GlobalSection(ProjectConfigurationPlatforms) = postSolution
		{209CEF2B-1088-433C-883C-5C9AC37842CB}.Debug|Any CPU.ActiveCfg = Debug|Any CPU
		{209CEF2B-1088-433C-883C-5C9AC37842CB}.Debug|Any CPU.Build.0 = Debug|Any CPU
		{209CEF2B-1088-433C-883C-5C9AC37842CB}.Release|Any CPU.ActiveCfg = Release|Any CPU
		{209CEF2B-1088-433C-883C-5C9AC37842CB}.Release|Any CPU.Build.0 = Release|Any CPU
		{9D051A7F-8135-4CBD-9635-44D675A59C70}.Debug|Any CPU.ActiveCfg = Debug|Any CPU
		{9D051A7F-8135-4CBD-9635-44D675A59C70}.Debug|Any CPU.Build.0 = Debug|Any CPU
		{9D051A7F-8135-4CBD-9635-44D675A59C70}.Release|Any CPU.ActiveCfg = Release|Any CPU
		{9D051A7F-8135-4CBD-9635-44D675A59C70}.Release|Any CPU.Build.0 = Release|Any CPU
		{D9E46177-E893-4014-920D-80EBB0A4D4C4}.Debug|Any CPU.ActiveCfg = Debug|Any CPU
		{D9E46177-E893-4014-920D-80EBB0A4D4C4}.Debug|Any CPU.Build.0 = Debug|Any CPU
		{D9E46177-E893-4014-920D-80EBB0A4D4C4}.Release|Any CPU.ActiveCfg = Release|Any CPU
		{D9E46177-E893-4014-920D-80EBB0A4D4C4}.Release|Any CPU.Build.0 = Release|Any CPU
		{5869D903-39A4-44FD-88BF-0EED0F4765AB}.Debug|Any CPU.ActiveCfg = Debug|Any CPU
		{5869D903-39A4-44FD-88BF-0EED0F4765AB}.Debug|Any CPU.Build.0 = Debug|Any CPU
		{5869D903-39A4-44FD-88BF-0EED0F4765AB}.Release|Any CPU.ActiveCfg = Release|Any CPU
		{5869D903-39A4-44FD-88BF-0EED0F4765AB}.Release|Any CPU.Build.0 = Release|Any CPU
		{1CEA4306-2C9D-4F33-8C6A-F22CAAF2B971}.Debug|Any CPU.ActiveCfg = Debug|Any CPU
		{1CEA4306-2C9D-4F33-8C6A-F22CAAF2B971}.Debug|Any CPU.Build.0 = Debug|Any CPU
		{1CEA4306-2C9D-4F33-8C6A-F22CAAF2B971}.Release|Any CPU.ActiveCfg = Release|Any CPU
		{1CEA4306-2C9D-4F33-8C6A-F22CAAF2B971}.Release|Any CPU.Build.0 = Release|Any CPU
		{C83E814A-FA9E-47DB-B6D9-85DBB0DB2BCB}.Debug|Any CPU.ActiveCfg = Debug|Any CPU
		{C83E814A-FA9E-47DB-B6D9-85DBB0DB2BCB}.Debug|Any CPU.Build.0 = Debug|Any CPU
		{C83E814A-FA9E-47DB-B6D9-85DBB0DB2BCB}.Release|Any CPU.ActiveCfg = Release|Any CPU
		{C83E814A-FA9E-47DB-B6D9-85DBB0DB2BCB}.Release|Any CPU.Build.0 = Release|Any CPU
		{D067B789-A8E8-4321-AC09-5636D3493247}.Debug|Any CPU.ActiveCfg = Debug|Any CPU
		{D067B789-A8E8-4321-AC09-5636D3493247}.Debug|Any CPU.Build.0 = Debug|Any CPU
		{D067B789-A8E8-4321-AC09-5636D3493247}.Release|Any CPU.ActiveCfg = Release|Any CPU
		{D067B789-A8E8-4321-AC09-5636D3493247}.Release|Any CPU.Build.0 = Release|Any CPU
		{A4B9662D-3D07-4709-B7A8-0FE9D217F558}.Debug|Any CPU.ActiveCfg = Debug|Any CPU
		{A4B9662D-3D07-4709-B7A8-0FE9D217F558}.Debug|Any CPU.Build.0 = Debug|Any CPU
		{A4B9662D-3D07-4709-B7A8-0FE9D217F558}.Release|Any CPU.ActiveCfg = Release|Any CPU
		{A4B9662D-3D07-4709-B7A8-0FE9D217F558}.Release|Any CPU.Build.0 = Release|Any CPU
		{0DA2BB5D-C4DE-4F96-9AD9-F7D662C8AB7C}.Debug|Any CPU.ActiveCfg = Debug|Any CPU
		{0DA2BB5D-C4DE-4F96-9AD9-F7D662C8AB7C}.Debug|Any CPU.Build.0 = Debug|Any CPU
		{0DA2BB5D-C4DE-4F96-9AD9-F7D662C8AB7C}.Release|Any CPU.ActiveCfg = Release|Any CPU
		{0DA2BB5D-C4DE-4F96-9AD9-F7D662C8AB7C}.Release|Any CPU.Build.0 = Release|Any CPU
		{EE066E76-8F59-4093-9ED3-A8E47CFF429A}.Debug|Any CPU.ActiveCfg = Debug|Any CPU
		{EE066E76-8F59-4093-9ED3-A8E47CFF429A}.Debug|Any CPU.Build.0 = Debug|Any CPU
		{EE066E76-8F59-4093-9ED3-A8E47CFF429A}.Release|Any CPU.ActiveCfg = Release|Any CPU
		{EE066E76-8F59-4093-9ED3-A8E47CFF429A}.Release|Any CPU.Build.0 = Release|Any CPU
		{E8EFCBFF-54C2-4E05-8249-1C9DC44DEA47}.Debug|Any CPU.ActiveCfg = Debug|Any CPU
		{E8EFCBFF-54C2-4E05-8249-1C9DC44DEA47}.Debug|Any CPU.Build.0 = Debug|Any CPU
		{E8EFCBFF-54C2-4E05-8249-1C9DC44DEA47}.Release|Any CPU.ActiveCfg = Release|Any CPU
		{E8EFCBFF-54C2-4E05-8249-1C9DC44DEA47}.Release|Any CPU.Build.0 = Release|Any CPU
		{6ED5949C-29B2-4E99-811A-6E8E8DED3025}.Debug|Any CPU.ActiveCfg = Debug|Any CPU
		{6ED5949C-29B2-4E99-811A-6E8E8DED3025}.Debug|Any CPU.Build.0 = Debug|Any CPU
		{6ED5949C-29B2-4E99-811A-6E8E8DED3025}.Release|Any CPU.ActiveCfg = Release|Any CPU
		{6ED5949C-29B2-4E99-811A-6E8E8DED3025}.Release|Any CPU.Build.0 = Release|Any CPU
	EndGlobalSection
	GlobalSection(SolutionProperties) = preSolution
		HideSolutionNode = FALSE
	EndGlobalSection
	GlobalSection(NestedProjects) = preSolution
		{9D051A7F-8135-4CBD-9635-44D675A59C70} = {64A13947-5174-4AFF-851B-928A0EC60064}
		{D9E46177-E893-4014-920D-80EBB0A4D4C4} = {64A13947-5174-4AFF-851B-928A0EC60064}
		{5869D903-39A4-44FD-88BF-0EED0F4765AB} = {64A13947-5174-4AFF-851B-928A0EC60064}
		{1CEA4306-2C9D-4F33-8C6A-F22CAAF2B971} = {7EFA2D5C-1D96-4D9E-9E58-B3B41DBF2B05}
		{C83E814A-FA9E-47DB-B6D9-85DBB0DB2BCB} = {7EFA2D5C-1D96-4D9E-9E58-B3B41DBF2B05}
		{D067B789-A8E8-4321-AC09-5636D3493247} = {7EFA2D5C-1D96-4D9E-9E58-B3B41DBF2B05}
		{A4B9662D-3D07-4709-B7A8-0FE9D217F558} = {7EFA2D5C-1D96-4D9E-9E58-B3B41DBF2B05}
		{0DA2BB5D-C4DE-4F96-9AD9-F7D662C8AB7C} = {0FFCF3CA-A708-4B9C-BC8B-2850A52992F9}
		{EE066E76-8F59-4093-9ED3-A8E47CFF429A} = {0FFCF3CA-A708-4B9C-BC8B-2850A52992F9}
		{E8EFCBFF-54C2-4E05-8249-1C9DC44DEA47} = {0FFCF3CA-A708-4B9C-BC8B-2850A52992F9}
	EndGlobalSection
	GlobalSection(ExtensibilityGlobals) = postSolution
		SolutionGuid = {5CC1D61D-3682-4A3E-9DCD-E6CF14C8A0A0}
	EndGlobalSection
EndGlobal
